
Microsoft Visual Studio Solution File, Format Version 12.00
# Visual Studio Version 17
VisualStudioVersion = 17.9.34728.123
MinimumVisualStudioVersion = 10.0.40219.1
Project("{8BC9CEB8-8B4A-11D0-8D11-00A0C91BC942}") = "ral_win", "ral_win\ral_win.vcxproj", "{B4E960B3-4C2A-4ED6-ABF9-10DEC7AA104F}"
EndProject
Global
	GlobalSection(SolutionConfigurationPlatforms) = preSolution
		Debug|x64 = Debug|x64
		Debug|x86 = Debug|x86
		Release|x64 = Release|x64
		Release|x86 = Release|x86
	EndGlobalSection
	GlobalSection(ProjectConfigurationPlatforms) = postSolution
		{B4E960B3-4C2A-4ED6-ABF9-10DEC7AA104F}.Debug|x64.ActiveCfg = Debug|x64
		{B4E960B3-4C2A-4ED6-ABF9-10DEC7AA104F}.Debug|x64.Build.0 = Debug|x64
		{B4E960B3-4C2A-4ED6-ABF9-10DEC7AA104F}.Debug|x86.ActiveCfg = Debug|Win32
		{B4E960B3-4C2A-4ED6-ABF9-10DEC7AA104F}.Debug|x86.Build.0 = Debug|Win32
		{B4E960B3-4C2A-4ED6-ABF9-10DEC7AA104F}.Release|x64.ActiveCfg = Release|x64
		{B4E960B3-4C2A-4ED6-ABF9-10DEC7AA104F}.Release|x64.Build.0 = Release|x64
		{B4E960B3-4C2A-4ED6-ABF9-10DEC7AA104F}.Release|x86.ActiveCfg = Release|Win32
		{B4E960B3-4C2A-4ED6-ABF9-10DEC7AA104F}.Release|x86.Build.0 = Release|Win32
	EndGlobalSection
	GlobalSection(SolutionProperties) = preSolution
		HideSolutionNode = FALSE
	EndGlobalSection
	GlobalSection(ExtensibilityGlobals) = postSolution
		SolutionGuid = {51C3B4DC-4177-4141-84C3-84DC3D4C2DB4}
	EndGlobalSection
EndGlobal
